# This file was autogenerated by Stack.
# You should not edit this file by hand.
# For more information, please see the documentation at:
#   https://docs.haskellstack.org/en/stable/lock_files

packages: []
snapshots:
- completed:
    size: 527833
    url: https://raw.githubusercontent.com/commercialhaskell/stackage-snapshots/master/lts/11/20.yaml
    sha256: 0848dfca186850b0095e5c2d32520fee441fea6108135b07e63b329bd0ef1d6d
  original: lts-11.20
